// !$*UTF8*$!
{
	archiveVersion = 1;
	classes = {
	};
	objectVersion = 50;
	objects = {

/* Begin PBXBuildFile section */
		0215A83C25416F8F00B9F6B3 /* PlayersViewController.swift in Sources */ = {isa = PBXBuildFile; fileRef = 0215A83B25416F8F00B9F6B3 /* PlayersViewController.swift */; };
		0215A8412541739E00B9F6B3 /* PlalyerStatsViewController.swift in Sources */ = {isa = PBXBuildFile; fileRef = 0215A8402541739E00B9F6B3 /* PlalyerStatsViewController.swift */; };
		0215A8442541773A00B9F6B3 /* Player.swift in Sources */ = {isa = PBXBuildFile; fileRef = 0215A8432541773A00B9F6B3 /* Player.swift */; };
		0215A84825417A5200B9F6B3 /* PlayerInfoView.swift in Sources */ = {isa = PBXBuildFile; fileRef = 0215A84725417A5200B9F6B3 /* PlayerInfoView.swift */; };
		0215A84D254184EF00B9F6B3 /* HelperUIView.swift in Sources */ = {isa = PBXBuildFile; fileRef = 0215A84C254184EF00B9F6B3 /* HelperUIView.swift */; };
		02389A9D2542BD3500256A98 /* TeamsRequest.swift in Sources */ = {isa = PBXBuildFile; fileRef = 02389A9C2542BD3500256A98 /* TeamsRequest.swift */; };
		02389AA12542CFD500256A98 /* PlayersRequest.swift in Sources */ = {isa = PBXBuildFile; fileRef = 02389AA02542CFD500256A98 /* PlayersRequest.swift */; };
		02389AA42542D04500256A98 /* ApiParameters.swift in Sources */ = {isa = PBXBuildFile; fileRef = 02389AA32542D04500256A98 /* ApiParameters.swift */; };
		025FD8B025444A100097EAB0 /* SpinnerViewController.swift in Sources */ = {isa = PBXBuildFile; fileRef = 025FD8AF25444A100097EAB0 /* SpinnerViewController.swift */; };
		026C7FF52540179D0053AFBD /* AppDelegate.swift in Sources */ = {isa = PBXBuildFile; fileRef = 026C7FF42540179D0053AFBD /* AppDelegate.swift */; };
		026C7FF72540179D0053AFBD /* SceneDelegate.swift in Sources */ = {isa = PBXBuildFile; fileRef = 026C7FF62540179D0053AFBD /* SceneDelegate.swift */; };
		026C7FF92540179D0053AFBD /* NbaTeamsViewController.swift in Sources */ = {isa = PBXBuildFile; fileRef = 026C7FF82540179D0053AFBD /* NbaTeamsViewController.swift */; };
		026C7FFE254017A00053AFBD /* Assets.xcassets in Resources */ = {isa = PBXBuildFile; fileRef = 026C7FFD254017A00053AFBD /* Assets.xcassets */; };
		026C8001254017A00053AFBD /* LaunchScreen.storyboard in Resources */ = {isa = PBXBuildFile; fileRef = 026C7FFF254017A00053AFBD /* LaunchScreen.storyboard */; };
		026C8014254025280053AFBD /* TeamTableViewCell.swift in Sources */ = {isa = PBXBuildFile; fileRef = 026C8013254025280053AFBD /* TeamTableViewCell.swift */; };
		026C801B254035740053AFBD /* Team.swift in Sources */ = {isa = PBXBuildFile; fileRef = 026C801A254035740053AFBD /* Team.swift */; };
/* End PBXBuildFile section */

/* Begin PBXFileReference section */
		0215A83B25416F8F00B9F6B3 /* PlayersViewController.swift */ = {isa = PBXFileReference; lastKnownFileType = sourcecode.swift; path = PlayersViewController.swift; sourceTree = "<group>"; };
		0215A8402541739E00B9F6B3 /* PlalyerStatsViewController.swift */ = {isa = PBXFileReference; lastKnownFileType = sourcecode.swift; path = PlalyerStatsViewController.swift; sourceTree = "<group>"; };
		0215A8432541773A00B9F6B3 /* Player.swift */ = {isa = PBXFileReference; lastKnownFileType = sourcecode.swift; path = Player.swift; sourceTree = "<group>"; };
		0215A84725417A5200B9F6B3 /* PlayerInfoView.swift */ = {isa = PBXFileReference; lastKnownFileType = sourcecode.swift; path = PlayerInfoView.swift; sourceTree = "<group>"; };
		0215A84C254184EF00B9F6B3 /* HelperUIView.swift */ = {isa = PBXFileReference; lastKnownFileType = sourcecode.swift; path = HelperUIView.swift; sourceTree = "<group>"; };
		02389A9C2542BD3500256A98 /* TeamsRequest.swift */ = {isa = PBXFileReference; lastKnownFileType = sourcecode.swift; path = TeamsRequest.swift; sourceTree = "<group>"; };
		02389AA02542CFD500256A98 /* PlayersRequest.swift */ = {isa = PBXFileReference; lastKnownFileType = sourcecode.swift; path = PlayersRequest.swift; sourceTree = "<group>"; };
		02389AA32542D04500256A98 /* ApiParameters.swift */ = {isa = PBXFileReference; lastKnownFileType = sourcecode.swift; path = ApiParameters.swift; sourceTree = "<group>"; };
		025FD8AF25444A100097EAB0 /* SpinnerViewController.swift */ = {isa = PBXFileReference; lastKnownFileType = sourcecode.swift; path = SpinnerViewController.swift; sourceTree = "<group>"; };
		026C7FF12540179D0053AFBD /* nba_stats.app */ = {isa = PBXFileReference; explicitFileType = wrapper.application; includeInIndex = 0; path = nba_stats.app; sourceTree = BUILT_PRODUCTS_DIR; };
		026C7FF42540179D0053AFBD /* AppDelegate.swift */ = {isa = PBXFileReference; lastKnownFileType = sourcecode.swift; path = AppDelegate.swift; sourceTree = "<group>"; };
		026C7FF62540179D0053AFBD /* SceneDelegate.swift */ = {isa = PBXFileReference; lastKnownFileType = sourcecode.swift; path = SceneDelegate.swift; sourceTree = "<group>"; };
		026C7FF82540179D0053AFBD /* NbaTeamsViewController.swift */ = {isa = PBXFileReference; lastKnownFileType = sourcecode.swift; path = NbaTeamsViewController.swift; sourceTree = "<group>"; };
		026C7FFD254017A00053AFBD /* Assets.xcassets */ = {isa = PBXFileReference; lastKnownFileType = folder.assetcatalog; path = Assets.xcassets; sourceTree = "<group>"; };
		026C8000254017A00053AFBD /* Base */ = {isa = PBXFileReference; lastKnownFileType = file.storyboard; name = Base; path = Base.lproj/LaunchScreen.storyboard; sourceTree = "<group>"; };
		026C8002254017A00053AFBD /* Info.plist */ = {isa = PBXFileReference; lastKnownFileType = text.plist.xml; path = Info.plist; sourceTree = "<group>"; };
		026C8013254025280053AFBD /* TeamTableViewCell.swift */ = {isa = PBXFileReference; lastKnownFileType = sourcecode.swift; path = TeamTableViewCell.swift; sourceTree = "<group>"; };
		026C801A254035740053AFBD /* Team.swift */ = {isa = PBXFileReference; lastKnownFileType = sourcecode.swift; path = Team.swift; sourceTree = "<group>"; };
/* End PBXFileReference section */

/* Begin PBXFrameworksBuildPhase section */
		026C7FEE2540179D0053AFBD /* Frameworks */ = {
			isa = PBXFrameworksBuildPhase;
			buildActionMask = 2147483647;
			files = (
			);
			runOnlyForDeploymentPostprocessing = 0;
		};
/* End PBXFrameworksBuildPhase section */

/* Begin PBXGroup section */
		0215A84625417A2A00B9F6B3 /* View */ = {
			isa = PBXGroup;
			children = (
				026C8013254025280053AFBD /* TeamTableViewCell.swift */,
				0215A84725417A5200B9F6B3 /* PlayerInfoView.swift */,
			);
			path = View;
			sourceTree = "<group>";
		};
		0215A84B254184D300B9F6B3 /* Helper */ = {
			isa = PBXGroup;
			children = (
				0215A84C254184EF00B9F6B3 /* HelperUIView.swift */,
				02389AA32542D04500256A98 /* ApiParameters.swift */,
			);
			path = Helper;
			sourceTree = "<group>";
		};
		02389A9B2542BD0600256A98 /* API */ = {
			isa = PBXGroup;
			children = (
				02389A9C2542BD3500256A98 /* TeamsRequest.swift */,
				02389AA02542CFD500256A98 /* PlayersRequest.swift */,
				025FD8AF25444A100097EAB0 /* SpinnerViewController.swift */,
			);
			path = API;
			sourceTree = "<group>";
		};
		026C7FE82540179D0053AFBD = {
			isa = PBXGroup;
			children = (
				026C7FF32540179D0053AFBD /* nba_stats */,
				026C7FF22540179D0053AFBD /* Products */,
			);
			sourceTree = "<group>";
		};
		026C7FF22540179D0053AFBD /* Products */ = {
			isa = PBXGroup;
			children = (
				026C7FF12540179D0053AFBD /* nba_stats.app */,
			);
			name = Products;
			sourceTree = "<group>";
		};
		026C7FF32540179D0053AFBD /* nba_stats */ = {
			isa = PBXGroup;
			children = (
				026C7FF42540179D0053AFBD /* AppDelegate.swift */,
				026C7FF62540179D0053AFBD /* SceneDelegate.swift */,
				026C8019254035690053AFBD /* Model */,
				0215A84625417A2A00B9F6B3 /* View */,
				026C800F254023220053AFBD /* Controller */,
				02389A9B2542BD0600256A98 /* API */,
				0215A84B254184D300B9F6B3 /* Helper */,
				026C7FFD254017A00053AFBD /* Assets.xcassets */,
				026C7FFF254017A00053AFBD /* LaunchScreen.storyboard */,
				026C8002254017A00053AFBD /* Info.plist */,
			);
			path = nba_stats;
			sourceTree = "<group>";
		};
		026C800F254023220053AFBD /* Controller */ = {
			isa = PBXGroup;
			children = (
				026C7FF82540179D0053AFBD /* NbaTeamsViewController.swift */,
				0215A83B25416F8F00B9F6B3 /* PlayersViewController.swift */,
				0215A8402541739E00B9F6B3 /* PlalyerStatsViewController.swift */,
			);
			path = Controller;
			sourceTree = "<group>";
		};
		026C8019254035690053AFBD /* Model */ = {
			isa = PBXGroup;
			children = (
				026C801A254035740053AFBD /* Team.swift */,
				0215A8432541773A00B9F6B3 /* Player.swift */,
			);
			path = Model;
			sourceTree = "<group>";
		};
/* End PBXGroup section */

/* Begin PBXNativeTarget section */
		026C7FF02540179D0053AFBD /* nba_stats */ = {
			isa = PBXNativeTarget;
			buildConfigurationList = 026C8005254017A00053AFBD /* Build configuration list for PBXNativeTarget "nba_stats" */;
			buildPhases = (
				026C7FED2540179D0053AFBD /* Sources */,
				026C7FEE2540179D0053AFBD /* Frameworks */,
				026C7FEF2540179D0053AFBD /* Resources */,
			);
			buildRules = (
			);
			dependencies = (
			);
			name = nba_stats;
			productName = nba_stats;
			productReference = 026C7FF12540179D0053AFBD /* nba_stats.app */;
			productType = "com.apple.product-type.application";
		};
/* End PBXNativeTarget section */

/* Begin PBXProject section */
		026C7FE92540179D0053AFBD /* Project object */ = {
			isa = PBXProject;
			attributes = {
				LastSwiftUpdateCheck = 1200;
				LastUpgradeCheck = 1200;
				TargetAttributes = {
					026C7FF02540179D0053AFBD = {
						CreatedOnToolsVersion = 12.0.1;
					};
				};
			};
			buildConfigurationList = 026C7FEC2540179D0053AFBD /* Build configuration list for PBXProject "nba_stats" */;
			compatibilityVersion = "Xcode 9.3";
			developmentRegion = en;
			hasScannedForEncodings = 0;
			knownRegions = (
				en,
				Base,
			);
			mainGroup = 026C7FE82540179D0053AFBD;
			productRefGroup = 026C7FF22540179D0053AFBD /* Products */;
			projectDirPath = "";
			projectRoot = "";
			targets = (
				026C7FF02540179D0053AFBD /* nba_stats */,
			);
		};
/* End PBXProject section */

/* Begin PBXResourcesBuildPhase section */
		026C7FEF2540179D0053AFBD /* Resources */ = {
			isa = PBXResourcesBuildPhase;
			buildActionMask = 2147483647;
			files = (
				026C8001254017A00053AFBD /* LaunchScreen.storyboard in Resources */,
				026C7FFE254017A00053AFBD /* Assets.xcassets in Resources */,
			);
			runOnlyForDeploymentPostprocessing = 0;
		};
/* End PBXResourcesBuildPhase section */

/* Begin PBXSourcesBuildPhase section */
		026C7FED2540179D0053AFBD /* Sources */ = {
			isa = PBXSourcesBuildPhase;
			buildActionMask = 2147483647;
			files = (
				0215A84825417A5200B9F6B3 /* PlayerInfoView.swift in Sources */,
				026C8014254025280053AFBD /* TeamTableViewCell.swift in Sources */,
				02389A9D2542BD3500256A98 /* TeamsRequest.swift in Sources */,
				0215A84D254184EF00B9F6B3 /* HelperUIView.swift in Sources */,
				026C7FF92540179D0053AFBD /* NbaTeamsViewController.swift in Sources */,
				026C7FF52540179D0053AFBD /* AppDelegate.swift in Sources */,
				026C801B254035740053AFBD /* Team.swift in Sources */,
				0215A8442541773A00B9F6B3 /* Player.swift in Sources */,
				02389AA42542D04500256A98 /* ApiParameters.swift in Sources */,
				02389AA12542CFD500256A98 /* PlayersRequest.swift in Sources */,
				026C7FF72540179D0053AFBD /* SceneDelegate.swift in Sources */,
				0215A83C25416F8F00B9F6B3 /* PlayersViewController.swift in Sources */,
				025FD8B025444A100097EAB0 /* SpinnerViewController.swift in Sources */,
				0215A8412541739E00B9F6B3 /* PlalyerStatsViewController.swift in Sources */,
			);
			runOnlyForDeploymentPostprocessing = 0;
		};
/* End PBXSourcesBuildPhase section */

/* Begin PBXVariantGroup section */
		026C7FFF254017A00053AFBD /* LaunchScreen.storyboard */ = {
			isa = PBXVariantGroup;
			children = (
				026C8000254017A00053AFBD /* Base */,
			);
			name = LaunchScreen.storyboard;
			sourceTree = "<group>";
		};
/* End PBXVariantGroup section */

/* Begin XCBuildConfiguration section */
		026C8003254017A00053AFBD /* Debug */ = {
			isa = XCBuildConfiguration;
			buildSettings = {
				ALWAYS_SEARCH_USER_PATHS = NO;
				CLANG_ANALYZER_NONNULL = YES;
				CLANG_ANALYZER_NUMBER_OBJECT_CONVERSION = YES_AGGRESSIVE;
				CLANG_CXX_LANGUAGE_STANDARD = "gnu++14";
				CLANG_CXX_LIBRARY = "libc++";
				CLANG_ENABLE_MODULES = YES;
				CLANG_ENABLE_OBJC_ARC = YES;
				CLANG_ENABLE_OBJC_WEAK = YES;
				CLANG_WARN_BLOCK_CAPTURE_AUTORELEASING = YES;
				CLANG_WARN_BOOL_CONVERSION = YES;
				CLANG_WARN_COMMA = YES;
				CLANG_WARN_CONSTANT_CONVERSION = YES;
				CLANG_WARN_DEPRECATED_OBJC_IMPLEMENTATIONS = YES;
				CLANG_WARN_DIRECT_OBJC_ISA_USAGE = YES_ERROR;
				CLANG_WARN_DOCUMENTATION_COMMENTS = YES;
				CLANG_WARN_EMPTY_BODY = YES;
				CLANG_WARN_ENUM_CONVERSION = YES;
				CLANG_WARN_INFINITE_RECURSION = YES;
				CLANG_WARN_INT_CONVERSION = YES;
				CLANG_WARN_NON_LITERAL_NULL_CONVERSION = YES;
				CLANG_WARN_OBJC_IMPLICIT_RETAIN_SELF = YES;
				CLANG_WARN_OBJC_LITERAL_CONVERSION = YES;
				CLANG_WARN_OBJC_ROOT_CLASS = YES_ERROR;
				CLANG_WARN_QUOTED_INCLUDE_IN_FRAMEWORK_HEADER = YES;
				CLANG_WARN_RANGE_LOOP_ANALYSIS = YES;
				CLANG_WARN_STRICT_PROTOTYPES = YES;
				CLANG_WARN_SUSPICIOUS_MOVE = YES;
				CLANG_WARN_UNGUARDED_AVAILABILITY = YES_AGGRESSIVE;
				CLANG_WARN_UNREACHABLE_CODE = YES;
				CLANG_WARN__DUPLICATE_METHOD_MATCH = YES;
				COPY_PHASE_STRIP = NO;
				DEBUG_INFORMATION_FORMAT = dwarf;
				ENABLE_STRICT_OBJC_MSGSEND = YES;
				ENABLE_TESTABILITY = YES;
				GCC_C_LANGUAGE_STANDARD = gnu11;
				GCC_DYNAMIC_NO_PIC = NO;
				GCC_NO_COMMON_BLOCKS = YES;
				GCC_OPTIMIZATION_LEVEL = 0;
				GCC_PREPROCESSOR_DEFINITIONS = (
					"DEBUG=1",
					"$(inherited)",
				);
				GCC_WARN_64_TO_32_BIT_CONVERSION = YES;
				GCC_WARN_ABOUT_RETURN_TYPE = YES_ERROR;
				GCC_WARN_UNDECLARED_SELECTOR = YES;
				GCC_WARN_UNINITIALIZED_AUTOS = YES_AGGRESSIVE;
				GCC_WARN_UNUSED_FUNCTION = YES;
				GCC_WARN_UNUSED_VARIABLE = YES;
				IPHONEOS_DEPLOYMENT_TARGET = 14.0;
				MTL_ENABLE_DEBUG_INFO = INCLUDE_SOURCE;
				MTL_FAST_MATH = YES;
				ONLY_ACTIVE_ARCH = YES;
				SDKROOT = iphoneos;
				SWIFT_ACTIVE_COMPILATION_CONDITIONS = DEBUG;
				SWIFT_OPTIMIZATION_LEVEL = "-Onone";
			};
			name = Debug;
		};
		026C8004254017A00053AFBD /* Release */ = {
			isa = XCBuildConfiguration;
			buildSettings = {
				ALWAYS_SEARCH_USER_PATHS = NO;
				CLANG_ANALYZER_NONNULL = YES;
				CLANG_ANALYZER_NUMBER_OBJECT_CONVERSION = YES_AGGRESSIVE;
				CLANG_CXX_LANGUAGE_STANDARD = "gnu++14";
				CLANG_CXX_LIBRARY = "libc++";
				CLANG_ENABLE_MODULES = YES;
				CLANG_ENABLE_OBJC_ARC = YES;
				CLANG_ENABLE_OBJC_WEAK = YES;
				CLANG_WARN_BLOCK_CAPTURE_AUTORELEASING = YES;
				CLANG_WARN_BOOL_CONVERSION = YES;
				CLANG_WARN_COMMA = YES;
				CLANG_WARN_CONSTANT_CONVERSION = YES;
				CLANG_WARN_DEPRECATED_OBJC_IMPLEMENTATIONS = YES;
				CLANG_WARN_DIRECT_OBJC_ISA_USAGE = YES_ERROR;
				CLANG_WARN_DOCUMENTATION_COMMENTS = YES;
				CLANG_WARN_EMPTY_BODY = YES;
				CLANG_WARN_ENUM_CONVERSION = YES;
				CLANG_WARN_INFINITE_RECURSION = YES;
				CLANG_WARN_INT_CONVERSION = YES;
				CLANG_WARN_NON_LITERAL_NULL_CONVERSION = YES;
				CLANG_WARN_OBJC_IMPLICIT_RETAIN_SELF = YES;
				CLANG_WARN_OBJC_LITERAL_CONVERSION = YES;
				CLANG_WARN_OBJC_ROOT_CLASS = YES_ERROR;
				CLANG_WARN_QUOTED_INCLUDE_IN_FRAMEWORK_HEADER = YES;
				CLANG_WARN_RANGE_LOOP_ANALYSIS = YES;
				CLANG_WARN_STRICT_PROTOTYPES = YES;
				CLANG_WARN_SUSPICIOUS_MOVE = YES;
				CLANG_WARN_UNGUARDED_AVAILABILITY = YES_AGGRESSIVE;
				CLANG_WARN_UNREACHABLE_CODE = YES;
				CLANG_WARN__DUPLICATE_METHOD_MATCH = YES;
				COPY_PHASE_STRIP = NO;
				DEBUG_INFORMATION_FORMAT = "dwarf-with-dsym";
				ENABLE_NS_ASSERTIONS = NO;
				ENABLE_STRICT_OBJC_MSGSEND = YES;
				GCC_C_LANGUAGE_STANDARD = gnu11;
				GCC_NO_COMMON_BLOCKS = YES;
				GCC_WARN_64_TO_32_BIT_CONVERSION = YES;
				GCC_WARN_ABOUT_RETURN_TYPE = YES_ERROR;
				GCC_WARN_UNDECLARED_SELECTOR = YES;
				GCC_WARN_UNINITIALIZED_AUTOS = YES_AGGRESSIVE;
				GCC_WARN_UNUSED_FUNCTION = YES;
				GCC_WARN_UNUSED_VARIABLE = YES;
				IPHONEOS_DEPLOYMENT_TARGET = 14.0;
				MTL_ENABLE_DEBUG_INFO = NO;
				MTL_FAST_MATH = YES;
				SDKROOT = iphoneos;
				SWIFT_COMPILATION_MODE = wholemodule;
				SWIFT_OPTIMIZATION_LEVEL = "-O";
				VALIDATE_PRODUCT = YES;
			};
			name = Release;
		};
		026C8006254017A00053AFBD /* Debug */ = {
			isa = XCBuildConfiguration;
			buildSettings = {
				ASSETCATALOG_COMPILER_APPICON_NAME = AppIcon;
				ASSETCATALOG_COMPILER_GLOBAL_ACCENT_COLOR_NAME = AccentColor;
				CODE_SIGN_STYLE = Automatic;
				DEVELOPMENT_TEAM = V2852358CX;
				INFOPLIST_FILE = nba_stats/Info.plist;
				LD_RUNPATH_SEARCH_PATHS = (
					"$(inherited)",
					"@executable_path/Frameworks",
				);
				PRODUCT_BUNDLE_IDENTIFIER = "com.angelodigianfilippo.nba-stats";
				PRODUCT_NAME = "$(TARGET_NAME)";
				SWIFT_VERSION = 5.0;
				TARGETED_DEVICE_FAMILY = "1,2";
			};
			name = Debug;
		};
		026C8007254017A00053AFBD /* Release */ = {
			isa = XCBuildConfiguration;
			buildSettings = {
				ASSETCATALOG_COMPILER_APPICON_NAME = AppIcon;
				ASSETCATALOG_COMPILER_GLOBAL_ACCENT_COLOR_NAME = AccentColor;
				CODE_SIGN_STYLE = Automatic;
				DEVELOPMENT_TEAM = V2852358CX;
				INFOPLIST_FILE = nba_stats/Info.plist;
				LD_RUNPATH_SEARCH_PATHS = (
					"$(inherited)",
					"@executable_path/Frameworks",
				);
				PRODUCT_BUNDLE_IDENTIFIER = "com.angelodigianfilippo.nba-stats";
				PRODUCT_NAME = "$(TARGET_NAME)";
				SWIFT_VERSION = 5.0;
				TARGETED_DEVICE_FAMILY = "1,2";
			};
			name = Release;
		};
/* End XCBuildConfiguration section */

/* Begin XCConfigurationList section */
		026C7FEC2540179D0053AFBD /* Build configuration list for PBXProject "nba_stats" */ = {
			isa = XCConfigurationList;
			buildConfigurations = (
				026C8003254017A00053AFBD /* Debug */,
				026C8004254017A00053AFBD /* Release */,
			);
			defaultConfigurationIsVisible = 0;
			defaultConfigurationName = Release;
		};
		026C8005254017A00053AFBD /* Build configuration list for PBXNativeTarget "nba_stats" */ = {
			isa = XCConfigurationList;
			buildConfigurations = (
				026C8006254017A00053AFBD /* Debug */,
				026C8007254017A00053AFBD /* Release */,
			);
			defaultConfigurationIsVisible = 0;
			defaultConfigurationName = Release;
		};
/* End XCConfigurationList section */
	};
	rootObject = 026C7FE92540179D0053AFBD /* Project object */;
}
